
Microsoft Visual Studio Solution File, Format Version 12.00
Project("{FAE04EC0-301F-11D3-BF4B-00C04F79EFBC}") = "ChatAPI", "ChatAPI\ChatAPI.csproj", "{56566364-D2D2-4EE8-B1E0-DA69379273B5}"
EndProject
Project("{2150E333-8FDC-42A3-9474-1A3956D46DE8}") = "src", "src", "{AA438BB9-9428-4DA6-B16B-B697F08DDF66}"
EndProject
Project("{2150E333-8FDC-42A3-9474-1A3956D46DE8}") = "tests", "tests", "{845BAC45-29D9-4E2C-AF6B-B1BB02FD78ED}"
EndProject
Project("{FAE04EC0-301F-11D3-BF4B-00C04F79EFBC}") = "AgentChatCoordinatorService", "AgentChatCoordinatorService\AgentChatCoordinatorService.csproj", "{A6DB1422-E5F4-473F-A681-0B8A6094A9DF}"
EndProject
Project("{FAE04EC0-301F-11D3-BF4B-00C04F79EFBC}") = "SharedModels", "SharedModels\SharedModels.csproj", "{756F4C09-8DD5-49D4-B4D2-20D56DAB5F25}"
EndProject
Project("{FAE04EC0-301F-11D3-BF4B-00C04F79EFBC}") = "Messaging", "Messaging\Messaging.csproj", "{53A9AAFD-EBC3-4B36-B3F8-78477EDB2BB1}"
EndProject
Project("{FAE04EC0-301F-11D3-BF4B-00C04F79EFBC}") = "AgentChatCoordinatorServiceTest", "AgentChatCoordinatorServiceTest\AgentChatCoordinatorServiceTest.csproj", "{DFA3E109-79E5-4889-8941-1AA430A197FC}"
EndProject
Global
	GlobalSection(SolutionConfigurationPlatforms) = preSolution
		Debug|Any CPU = Debug|Any CPU
		Release|Any CPU = Release|Any CPU
	EndGlobalSection
	GlobalSection(ProjectConfigurationPlatforms) = postSolution
		{56566364-D2D2-4EE8-B1E0-DA69379273B5}.Debug|Any CPU.ActiveCfg = Debug|Any CPU
		{56566364-D2D2-4EE8-B1E0-DA69379273B5}.Debug|Any CPU.Build.0 = Debug|Any CPU
		{56566364-D2D2-4EE8-B1E0-DA69379273B5}.Release|Any CPU.ActiveCfg = Release|Any CPU
		{56566364-D2D2-4EE8-B1E0-DA69379273B5}.Release|Any CPU.Build.0 = Release|Any CPU
		{A6DB1422-E5F4-473F-A681-0B8A6094A9DF}.Debug|Any CPU.ActiveCfg = Debug|Any CPU
		{A6DB1422-E5F4-473F-A681-0B8A6094A9DF}.Debug|Any CPU.Build.0 = Debug|Any CPU
		{A6DB1422-E5F4-473F-A681-0B8A6094A9DF}.Release|Any CPU.ActiveCfg = Release|Any CPU
		{A6DB1422-E5F4-473F-A681-0B8A6094A9DF}.Release|Any CPU.Build.0 = Release|Any CPU
		{756F4C09-8DD5-49D4-B4D2-20D56DAB5F25}.Debug|Any CPU.ActiveCfg = Debug|Any CPU
		{756F4C09-8DD5-49D4-B4D2-20D56DAB5F25}.Debug|Any CPU.Build.0 = Debug|Any CPU
		{756F4C09-8DD5-49D4-B4D2-20D56DAB5F25}.Release|Any CPU.ActiveCfg = Release|Any CPU
		{756F4C09-8DD5-49D4-B4D2-20D56DAB5F25}.Release|Any CPU.Build.0 = Release|Any CPU
		{53A9AAFD-EBC3-4B36-B3F8-78477EDB2BB1}.Debug|Any CPU.ActiveCfg = Debug|Any CPU
		{53A9AAFD-EBC3-4B36-B3F8-78477EDB2BB1}.Debug|Any CPU.Build.0 = Debug|Any CPU
		{53A9AAFD-EBC3-4B36-B3F8-78477EDB2BB1}.Release|Any CPU.ActiveCfg = Release|Any CPU
		{53A9AAFD-EBC3-4B36-B3F8-78477EDB2BB1}.Release|Any CPU.Build.0 = Release|Any CPU
		{DFA3E109-79E5-4889-8941-1AA430A197FC}.Debug|Any CPU.ActiveCfg = Debug|Any CPU
		{DFA3E109-79E5-4889-8941-1AA430A197FC}.Debug|Any CPU.Build.0 = Debug|Any CPU
		{DFA3E109-79E5-4889-8941-1AA430A197FC}.Release|Any CPU.ActiveCfg = Release|Any CPU
		{DFA3E109-79E5-4889-8941-1AA430A197FC}.Release|Any CPU.Build.0 = Release|Any CPU
	EndGlobalSection
	GlobalSection(NestedProjects) = preSolution
		{56566364-D2D2-4EE8-B1E0-DA69379273B5} = {AA438BB9-9428-4DA6-B16B-B697F08DDF66}
		{A6DB1422-E5F4-473F-A681-0B8A6094A9DF} = {AA438BB9-9428-4DA6-B16B-B697F08DDF66}
		{756F4C09-8DD5-49D4-B4D2-20D56DAB5F25} = {AA438BB9-9428-4DA6-B16B-B697F08DDF66}
		{53A9AAFD-EBC3-4B36-B3F8-78477EDB2BB1} = {AA438BB9-9428-4DA6-B16B-B697F08DDF66}
		{DFA3E109-79E5-4889-8941-1AA430A197FC} = {845BAC45-29D9-4E2C-AF6B-B1BB02FD78ED}
	EndGlobalSection
EndGlobal
